
Microsoft Visual Studio Solution File, Format Version 12.00
# Visual Studio Version 17
VisualStudioVersion = 17.8.34322.80
MinimumVisualStudioVersion = 10.0.40219.1
Project("{FAE04EC0-301F-11D3-BF4B-00C04F79EFBC}") = "CNPM", "CNPM.csproj", "{0787F3A0-6B88-46A7-8081-59B909E0CEAD}"
EndProject
Global
	GlobalSection(SolutionConfigurationPlatforms) = preSolution
		Debug|Any CPU = Debug|Any CPU
		Release|Any CPU = Release|Any CPU
	EndGlobalSection
	GlobalSection(ProjectConfigurationPlatforms) = postSolution
		{0787F3A0-6B88-46A7-8081-59B909E0CEAD}.Debug|Any CPU.ActiveCfg = Debug|Any CPU
		{0787F3A0-6B88-46A7-8081-59B909E0CEAD}.Debug|Any CPU.Build.0 = Debug|Any CPU
		{0787F3A0-6B88-46A7-8081-59B909E0CEAD}.Release|Any CPU.ActiveCfg = Release|Any CPU
		{0787F3A0-6B88-46A7-8081-59B909E0CEAD}.Release|Any CPU.Build.0 = Release|Any CPU
	EndGlobalSection
	GlobalSection(SolutionProperties) = preSolution
		HideSolutionNode = FALSE
	EndGlobalSection
	GlobalSection(ExtensibilityGlobals) = postSolution
		SolutionGuid = {E0A84835-DD44-4CD0-B4CA-0593D018477B}
	EndGlobalSection
EndGlobal
